<?xml version="1.0" encoding="utf-8"?>
<Project ToolsVersion="4.0" xmlns="http://schemas.microsoft.com/developer/msbuild/2003">
  <ItemGroup>
    <Filter Include="Файлы исходного кода">
      <UniqueIdentifier>{4FC737F1-C7A5-4376-A066-2A32D752A2FF}</UniqueIdentifier>
      <Extensions>cpp;c;cc;cxx;def;odl;idl;hpj;bat;asm;asmx</Extensions>
    </Filter>
    <Filter Include="Заголовочные файлы">
      <UniqueIdentifier>{93995380-89BD-4b04-88EB-625FBE52EBFB}</UniqueIdentifier>
      <Extensions>h;hpp;hxx;hm;inl;inc;xsd</Extensions>
    </Filter>
    <Filter Include="Файлы ресурсов">
      <UniqueIdentifier>{67DA6AB6-F800-4c08-8B7A-83BB121AAD01}</UniqueIdentifier>
      <Extensions>rc;ico;cur;bmp;dlg;rc2;rct;bin;rgs;gif;jpg;jpeg;jpe;resx;tiff;tif;png;wav;mfcribbon-ms</Extensions>
    </Filter>
  </ItemGroup>
  <ItemGroup>
    <ClCompile Include="main.cpp">
      <Filter>Файлы исходного кода</Filter>
    </ClCompile>
  </ItemGroup>
  <ItemGroup>
    <ClInclude Include="world.h">
      <Filter>Заголовочные файлы</Filter>
    </ClInclude>
    <ClInclude Include="funcs.h">
      <Filter>Заголовочные файлы</Filter>
    </ClInclude>
    <ClInclude Include="classHeads.h">
      <Filter>Заголовочные файлы</Filter>
    </ClInclude>
    <ClInclude Include="character.h">
      <Filter>Заголовочные файлы</Filter>
    </ClInclude>
    <ClInclude Include="hero.h">
      <Filter>Заголовочные файлы</Filter>
    </ClInclude>
    <ClInclude Include="camera.h">
      <Filter>Заголовочные файлы</Filter>
    </ClInclude>
    <ClInclude Include="button.h">
      <Filter>Заголовочные файлы</Filter>
    </ClInclude>
    <ClInclude Include="turret.h">
      <Filter>Заголовочные файлы</Filter>
    </ClInclude>
    <ClInclude Include="redball.h">
      <Filter>Заголовочные файлы</Filter>
    </ClInclude>
    <ClInclude Include="objects.h">
      <Filter>Заголовочные файлы</Filter>
    </ClInclude>
    <ClInclude Include="h_ghost.h">
      <Filter>Заголовочные файлы</Filter>
    </ClInclude>
    <ClInclude Include="NPC.h">
      <Filter>Заголовочные файлы</Filter>
    </ClInclude>
    <ClInclude Include="things.h">
      <Filter>Заголовочные файлы</Filter>
    </ClInclude>
    <ClInclude Include="bullets.h">
      <Filter>Заголовочные файлы</Filter>
    </ClInclude>
    <ClInclude Include="money.h">
      <Filter>Заголовочные файлы</Filter>
    </ClInclude>
    <ClInclude Include="inventory.h">
      <Filter>Заголовочные файлы</Filter>
    </ClInclude>
    <ClInclude Include="stuff.h">
      <Filter>Заголовочные файлы</Filter>
    </ClInclude>
    <ClInclude Include="effects.h">
      <Filter>Заголовочные файлы</Filter>
    </ClInclude>
    <ClInclude Include="enemy.h">
      <Filter>Заголовочные файлы</Filter>
    </ClInclude>
    <ClInclude Include="golem.h">
      <Filter>Заголовочные файлы</Filter>
    </ClInclude>
    <ClInclude Include="golems.h">
      <Filter>Заголовочные файлы</Filter>
    </ClInclude>
    <ClInclude Include="heroHit.h">
      <Filter>Заголовочные файлы</Filter>
    </ClInclude>
    <ClInclude Include="blocks.h">
      <Filter>Заголовочные файлы</Filter>
    </ClInclude>
    <ClInclude Include="flyHeads.h">
      <Filter>Заголовочные файлы</Filter>
    </ClInclude>
    <ClInclude Include="flyHeadsArray.h">
      <Filter>Заголовочные файлы</Filter>
    </ClInclude>
    <ClInclude Include="teleporters.h">
      <Filter>Заголовочные файлы</Filter>
    </ClInclude>
    <ClInclude Include="resource.h">
      <Filter>Заголовочные файлы</Filter>
    </ClInclude>
    <ClInclude Include="alien.h">
      <Filter>Заголовочные файлы</Filter>
    </ClInclude>
    <ClInclude Include="lab.h">
      <Filter>Заголовочные файлы</Filter>
    </ClInclude>
    <ClInclude Include="spiders.h">
      <Filter>Заголовочные файлы</Filter>
    </ClInclude>
    <ClInclude Include="lredball.h">
      <Filter>Заголовочные файлы</Filter>
    </ClInclude>
  </ItemGroup>
  <ItemGroup>
    <ResourceCompile Include="Hope Is Gone.rc">
      <Filter>Файлы ресурсов</Filter>
    </ResourceCompile>
  </ItemGroup>
  <ItemGroup>
    <None Include="textures\cursor.cur">
      <Filter>Файлы ресурсов</Filter>
    </None>
    <None Include="textures\icon.ico">
      <Filter>Файлы ресурсов</Filter>
    </None>
  </ItemGroup>
</Project>